
Microsoft Visual Studio Solution File, Format Version 11.00
# Visual Studio 2010
Project("{F184B08F-C81C-45F6-A57F-5ABD9991F28F}") = "alala", "alala\alala.vbproj", "{8CC52D1F-0580-4907-B4D7-F1F16EC003FD}"
EndProject
Global
	GlobalSection(SolutionConfigurationPlatforms) = preSolution
		Debug|x86 = Debug|x86
		Release|x86 = Release|x86
	EndGlobalSection
	GlobalSection(ProjectConfigurationPlatforms) = postSolution
		{8CC52D1F-0580-4907-B4D7-F1F16EC003FD}.Debug|x86.ActiveCfg = Debug|x86
		{8CC52D1F-0580-4907-B4D7-F1F16EC003FD}.Debug|x86.Build.0 = Debug|x86
		{8CC52D1F-0580-4907-B4D7-F1F16EC003FD}.Release|x86.ActiveCfg = Release|x86
		{8CC52D1F-0580-4907-B4D7-F1F16EC003FD}.Release|x86.Build.0 = Release|x86
	EndGlobalSection
	GlobalSection(SolutionProperties) = preSolution
		HideSolutionNode = FALSE
	EndGlobalSection
EndGlobal
